<Solution>
  <Folder Name="/aspire/">
    <Project Path="aspire/WarehouseSimulator.AppHost/WarehouseSimulator.AppHost.csproj" />
    <Project Path="aspire/WarehouseSimulator.ServiceDefaults/WarehouseSimulator.ServiceDefaults.csproj" />
  </Folder>
  <Folder Name="/src/">
    <Project Path="src/WarehouseSimulator.Core/WarehouseSimulator.Core.csproj" Id="6cbad28e-cb0f-490b-8f24-e6576bf41367" />
    <Project Path="src/WarehouseSimulator.Web/WarehouseSimulator.Web.csproj" />
  </Folder>
  <Folder Name="/tests/">
    <Project Path="tests/WarehouseSimulator.Tests/WarehouseSimulator.Tests.csproj" Id="9e825b97-8b84-4771-9d4f-e2ec3219650b" />
  </Folder>
</Solution>
